// !$*UTF8*$!
{
	archiveVersion = 1;
	classes = {
	};
	objectVersion = 56;
	objects = {

/* Begin PBXBuildFile section */
		4C1D7EA12ABA057C00468793 /* ContentView.swift in Sources */ = {isa = PBXBuildFile; fileRef = 4C1D7EA02ABA057C00468793 /* ContentView.swift */; };
		4C1D7EA32ABA057D00468793 /* Assets.xcassets in Resources */ = {isa = PBXBuildFile; fileRef = 4C1D7EA22ABA057D00468793 /* Assets.xcassets */; };
		4C1D7EA62ABA057D00468793 /* Preview Assets.xcassets in Resources */ = {isa = PBXBuildFile; fileRef = 4C1D7EA52ABA057D00468793 /* Preview Assets.xcassets */; };
		4C1D7EAA2ABA05D400468793 /* SeniorContrastCheckerApp.swift in Sources */ = {isa = PBXBuildFile; fileRef = 4C5B92652AB34FA7001F4307 /* SeniorContrastCheckerApp.swift */; };
		4C1D7EAB2ABA060500468793 /* Assets.xcassets in Resources */ = {isa = PBXBuildFile; fileRef = 4C5B92692AB34FA9001F4307 /* Assets.xcassets */; };
		4C475C442AC3231600DDD6BF /* RealityKitContent in Frameworks */ = {isa = PBXBuildFile; productRef = 4C475C432AC3231600DDD6BF /* RealityKitContent */; };
		4C475C462AC3231600DDD6BF /* VisionOSSeniorContrastCheckerApp.swift in Sources */ = {isa = PBXBuildFile; fileRef = 4C475C452AC3231600DDD6BF /* VisionOSSeniorContrastCheckerApp.swift */; };
		4C475C482AC3231600DDD6BF /* ContentView.swift in Sources */ = {isa = PBXBuildFile; fileRef = 4C475C472AC3231600DDD6BF /* ContentView.swift */; };
		4C475C4A2AC3231700DDD6BF /* ImmersiveView.swift in Sources */ = {isa = PBXBuildFile; fileRef = 4C475C492AC3231700DDD6BF /* ImmersiveView.swift */; };
		4C475C4C2AC3231800DDD6BF /* Assets.xcassets in Resources */ = {isa = PBXBuildFile; fileRef = 4C475C4B2AC3231800DDD6BF /* Assets.xcassets */; };
		4C475C4F2AC3231800DDD6BF /* Preview Assets.xcassets in Resources */ = {isa = PBXBuildFile; fileRef = 4C475C4E2AC3231800DDD6BF /* Preview Assets.xcassets */; };
		4C5B92662AB34FA7001F4307 /* SeniorContrastCheckerApp.swift in Sources */ = {isa = PBXBuildFile; fileRef = 4C5B92652AB34FA7001F4307 /* SeniorContrastCheckerApp.swift */; };
		4C5B92682AB34FA7001F4307 /* ContentView.swift in Sources */ = {isa = PBXBuildFile; fileRef = 4C5B92672AB34FA7001F4307 /* ContentView.swift */; };
		4C5B926A2AB34FA9001F4307 /* Assets.xcassets in Resources */ = {isa = PBXBuildFile; fileRef = 4C5B92692AB34FA9001F4307 /* Assets.xcassets */; };
		4C5B926D2AB34FA9001F4307 /* Preview Assets.xcassets in Resources */ = {isa = PBXBuildFile; fileRef = 4C5B926C2AB34FA9001F4307 /* Preview Assets.xcassets */; };
/* End PBXBuildFile section */

/* Begin PBXFileReference section */
		4C1D7E832AB9012F00468793 /* Info.plist */ = {isa = PBXFileReference; lastKnownFileType = text.plist; path = Info.plist; sourceTree = "<group>"; };
		4C1D7E9C2ABA057C00468793 /* iOSSeniorContrastChecker.app */ = {isa = PBXFileReference; explicitFileType = wrapper.application; includeInIndex = 0; path = iOSSeniorContrastChecker.app; sourceTree = BUILT_PRODUCTS_DIR; };
		4C1D7EA02ABA057C00468793 /* ContentView.swift */ = {isa = PBXFileReference; lastKnownFileType = sourcecode.swift; path = ContentView.swift; sourceTree = "<group>"; };
		4C1D7EA22ABA057D00468793 /* Assets.xcassets */ = {isa = PBXFileReference; lastKnownFileType = folder.assetcatalog; path = Assets.xcassets; sourceTree = "<group>"; };
		4C1D7EA52ABA057D00468793 /* Preview Assets.xcassets */ = {isa = PBXFileReference; lastKnownFileType = folder.assetcatalog; path = "Preview Assets.xcassets"; sourceTree = "<group>"; };
		4C475C3F2AC3231600DDD6BF /* VisionOSSeniorContrastChecker.app */ = {isa = PBXFileReference; explicitFileType = wrapper.application; includeInIndex = 0; path = VisionOSSeniorContrastChecker.app; sourceTree = BUILT_PRODUCTS_DIR; };
		4C475C422AC3231600DDD6BF /* RealityKitContent */ = {isa = PBXFileReference; lastKnownFileType = wrapper; path = RealityKitContent; sourceTree = "<group>"; };
		4C475C452AC3231600DDD6BF /* VisionOSSeniorContrastCheckerApp.swift */ = {isa = PBXFileReference; lastKnownFileType = sourcecode.swift; path = VisionOSSeniorContrastCheckerApp.swift; sourceTree = "<group>"; };
		4C475C472AC3231600DDD6BF /* ContentView.swift */ = {isa = PBXFileReference; lastKnownFileType = sourcecode.swift; path = ContentView.swift; sourceTree = "<group>"; };
		4C475C492AC3231700DDD6BF /* ImmersiveView.swift */ = {isa = PBXFileReference; lastKnownFileType = sourcecode.swift; path = ImmersiveView.swift; sourceTree = "<group>"; };
		4C475C4B2AC3231800DDD6BF /* Assets.xcassets */ = {isa = PBXFileReference; lastKnownFileType = folder.assetcatalog; path = Assets.xcassets; sourceTree = "<group>"; };
		4C475C4E2AC3231800DDD6BF /* Preview Assets.xcassets */ = {isa = PBXFileReference; lastKnownFileType = folder.assetcatalog; path = "Preview Assets.xcassets"; sourceTree = "<group>"; };
		4C475C502AC3231800DDD6BF /* Info.plist */ = {isa = PBXFileReference; lastKnownFileType = text.plist.xml; path = Info.plist; sourceTree = "<group>"; };
		4C5B92622AB34FA7001F4307 /* SeniorContrastChecker.app */ = {isa = PBXFileReference; explicitFileType = wrapper.application; includeInIndex = 0; path = SeniorContrastChecker.app; sourceTree = BUILT_PRODUCTS_DIR; };
		4C5B92652AB34FA7001F4307 /* SeniorContrastCheckerApp.swift */ = {isa = PBXFileReference; lastKnownFileType = sourcecode.swift; path = SeniorContrastCheckerApp.swift; sourceTree = "<group>"; };
		4C5B92672AB34FA7001F4307 /* ContentView.swift */ = {isa = PBXFileReference; lastKnownFileType = sourcecode.swift; path = ContentView.swift; sourceTree = "<group>"; };
		4C5B92692AB34FA9001F4307 /* Assets.xcassets */ = {isa = PBXFileReference; lastKnownFileType = folder.assetcatalog; path = Assets.xcassets; sourceTree = "<group>"; };
		4C5B926C2AB34FA9001F4307 /* Preview Assets.xcassets */ = {isa = PBXFileReference; lastKnownFileType = folder.assetcatalog; path = "Preview Assets.xcassets"; sourceTree = "<group>"; };
		4C5B926E2AB34FA9001F4307 /* SeniorContrastChecker.entitlements */ = {isa = PBXFileReference; lastKnownFileType = text.plist.entitlements; path = SeniorContrastChecker.entitlements; sourceTree = "<group>"; };
/* End PBXFileReference section */

/* Begin PBXFrameworksBuildPhase section */
		4C1D7E992ABA057C00468793 /* Frameworks */ = {
			isa = PBXFrameworksBuildPhase;
			buildActionMask = 2147483647;
			files = (
			);
			runOnlyForDeploymentPostprocessing = 0;
		};
		4C475C3C2AC3231600DDD6BF /* Frameworks */ = {
			isa = PBXFrameworksBuildPhase;
			buildActionMask = 2147483647;
			files = (
				4C475C442AC3231600DDD6BF /* RealityKitContent in Frameworks */,
			);
			runOnlyForDeploymentPostprocessing = 0;
		};
		4C5B925F2AB34FA7001F4307 /* Frameworks */ = {
			isa = PBXFrameworksBuildPhase;
			buildActionMask = 2147483647;
			files = (
			);
			runOnlyForDeploymentPostprocessing = 0;
		};
/* End PBXFrameworksBuildPhase section */

/* Begin PBXGroup section */
		4C1D7E9D2ABA057C00468793 /* iOSSeniorContrastChecker */ = {
			isa = PBXGroup;
			children = (
				4C1D7EA02ABA057C00468793 /* ContentView.swift */,
				4C1D7EA22ABA057D00468793 /* Assets.xcassets */,
				4C1D7EA42ABA057D00468793 /* Preview Content */,
			);
			path = iOSSeniorContrastChecker;
			sourceTree = "<group>";
		};
		4C1D7EA42ABA057D00468793 /* Preview Content */ = {
			isa = PBXGroup;
			children = (
				4C1D7EA52ABA057D00468793 /* Preview Assets.xcassets */,
			);
			path = "Preview Content";
			sourceTree = "<group>";
		};
		4C475C402AC3231600DDD6BF /* VisionOSSeniorContrastChecker */ = {
			isa = PBXGroup;
			children = (
				4C475C452AC3231600DDD6BF /* VisionOSSeniorContrastCheckerApp.swift */,
				4C475C472AC3231600DDD6BF /* ContentView.swift */,
				4C475C492AC3231700DDD6BF /* ImmersiveView.swift */,
				4C475C4B2AC3231800DDD6BF /* Assets.xcassets */,
				4C475C502AC3231800DDD6BF /* Info.plist */,
				4C475C4D2AC3231800DDD6BF /* Preview Content */,
			);
			path = VisionOSSeniorContrastChecker;
			sourceTree = "<group>";
		};
		4C475C412AC3231600DDD6BF /* Packages */ = {
			isa = PBXGroup;
			children = (
				4C475C422AC3231600DDD6BF /* RealityKitContent */,
			);
			path = Packages;
			sourceTree = "<group>";
		};
		4C475C4D2AC3231800DDD6BF /* Preview Content */ = {
			isa = PBXGroup;
			children = (
				4C475C4E2AC3231800DDD6BF /* Preview Assets.xcassets */,
			);
			path = "Preview Content";
			sourceTree = "<group>";
		};
		4C5B92592AB34FA7001F4307 = {
			isa = PBXGroup;
			children = (
				4C5B92642AB34FA7001F4307 /* SeniorContrastChecker */,
				4C1D7E9D2ABA057C00468793 /* iOSSeniorContrastChecker */,
				4C475C402AC3231600DDD6BF /* VisionOSSeniorContrastChecker */,
				4C475C412AC3231600DDD6BF /* Packages */,
				4C5B92632AB34FA7001F4307 /* Products */,
			);
			sourceTree = "<group>";
		};
		4C5B92632AB34FA7001F4307 /* Products */ = {
			isa = PBXGroup;
			children = (
				4C5B92622AB34FA7001F4307 /* SeniorContrastChecker.app */,
				4C1D7E9C2ABA057C00468793 /* iOSSeniorContrastChecker.app */,
				4C475C3F2AC3231600DDD6BF /* VisionOSSeniorContrastChecker.app */,
			);
			name = Products;
			sourceTree = "<group>";
		};
		4C5B92642AB34FA7001F4307 /* SeniorContrastChecker */ = {
			isa = PBXGroup;
			children = (
				4C1D7E832AB9012F00468793 /* Info.plist */,
				4C5B92652AB34FA7001F4307 /* SeniorContrastCheckerApp.swift */,
				4C5B92672AB34FA7001F4307 /* ContentView.swift */,
				4C5B92692AB34FA9001F4307 /* Assets.xcassets */,
				4C5B926E2AB34FA9001F4307 /* SeniorContrastChecker.entitlements */,
				4C5B926B2AB34FA9001F4307 /* Preview Content */,
			);
			path = SeniorContrastChecker;
			sourceTree = "<group>";
		};
		4C5B926B2AB34FA9001F4307 /* Preview Content */ = {
			isa = PBXGroup;
			children = (
				4C5B926C2AB34FA9001F4307 /* Preview Assets.xcassets */,
			);
			path = "Preview Content";
			sourceTree = "<group>";
		};
/* End PBXGroup section */

/* Begin PBXNativeTarget section */
		4C1D7E9B2ABA057C00468793 /* iOSSeniorContrastChecker */ = {
			isa = PBXNativeTarget;
			buildConfigurationList = 4C1D7EA92ABA057D00468793 /* Build configuration list for PBXNativeTarget "iOSSeniorContrastChecker" */;
			buildPhases = (
				4C1D7E982ABA057C00468793 /* Sources */,
				4C1D7E992ABA057C00468793 /* Frameworks */,
				4C1D7E9A2ABA057C00468793 /* Resources */,
			);
			buildRules = (
			);
			dependencies = (
			);
			name = iOSSeniorContrastChecker;
			productName = iOSSeniorContrastChecker;
			productReference = 4C1D7E9C2ABA057C00468793 /* iOSSeniorContrastChecker.app */;
			productType = "com.apple.product-type.application";
		};
		4C475C3E2AC3231600DDD6BF /* VisionOSSeniorContrastChecker */ = {
			isa = PBXNativeTarget;
			buildConfigurationList = 4C475C532AC3231800DDD6BF /* Build configuration list for PBXNativeTarget "VisionOSSeniorContrastChecker" */;
			buildPhases = (
				4C475C3B2AC3231600DDD6BF /* Sources */,
				4C475C3C2AC3231600DDD6BF /* Frameworks */,
				4C475C3D2AC3231600DDD6BF /* Resources */,
			);
			buildRules = (
			);
			dependencies = (
			);
			name = VisionOSSeniorContrastChecker;
			packageProductDependencies = (
				4C475C432AC3231600DDD6BF /* RealityKitContent */,
			);
			productName = VisionOSSeniorContrastChecker;
			productReference = 4C475C3F2AC3231600DDD6BF /* VisionOSSeniorContrastChecker.app */;
			productType = "com.apple.product-type.application";
		};
		4C5B92612AB34FA7001F4307 /* SeniorContrastChecker */ = {
			isa = PBXNativeTarget;
			buildConfigurationList = 4C5B92712AB34FA9001F4307 /* Build configuration list for PBXNativeTarget "SeniorContrastChecker" */;
			buildPhases = (
				4C5B925E2AB34FA7001F4307 /* Sources */,
				4C5B925F2AB34FA7001F4307 /* Frameworks */,
				4C5B92602AB34FA7001F4307 /* Resources */,
			);
			buildRules = (
			);
			dependencies = (
			);
			name = SeniorContrastChecker;
			productName = SeniorContrastChecker;
			productReference = 4C5B92622AB34FA7001F4307 /* SeniorContrastChecker.app */;
			productType = "com.apple.product-type.application";
		};
/* End PBXNativeTarget section */

/* Begin PBXProject section */
		4C5B925A2AB34FA7001F4307 /* Project object */ = {
			isa = PBXProject;
			attributes = {
				BuildIndependentTargetsInParallel = 1;
				LastSwiftUpdateCheck = 1500;
				LastUpgradeCheck = 1430;
				TargetAttributes = {
					4C1D7E9B2ABA057C00468793 = {
						CreatedOnToolsVersion = 14.3.1;
					};
					4C475C3E2AC3231600DDD6BF = {
						CreatedOnToolsVersion = 15.0;
					};
					4C5B92612AB34FA7001F4307 = {
						CreatedOnToolsVersion = 14.3.1;
					};
				};
			};
			buildConfigurationList = 4C5B925D2AB34FA7001F4307 /* Build configuration list for PBXProject "SeniorContrastChecker" */;
			compatibilityVersion = "Xcode 14.0";
			developmentRegion = en;
			hasScannedForEncodings = 0;
			knownRegions = (
				en,
				Base,
			);
			mainGroup = 4C5B92592AB34FA7001F4307;
			productRefGroup = 4C5B92632AB34FA7001F4307 /* Products */;
			projectDirPath = "";
			projectRoot = "";
			targets = (
				4C5B92612AB34FA7001F4307 /* SeniorContrastChecker */,
				4C1D7E9B2ABA057C00468793 /* iOSSeniorContrastChecker */,
				4C475C3E2AC3231600DDD6BF /* VisionOSSeniorContrastChecker */,
			);
		};
/* End PBXProject section */

/* Begin PBXResourcesBuildPhase section */
		4C1D7E9A2ABA057C00468793 /* Resources */ = {
			isa = PBXResourcesBuildPhase;
			buildActionMask = 2147483647;
			files = (
				4C1D7EA62ABA057D00468793 /* Preview Assets.xcassets in Resources */,
				4C1D7EAB2ABA060500468793 /* Assets.xcassets in Resources */,
				4C1D7EA32ABA057D00468793 /* Assets.xcassets in Resources */,
			);
			runOnlyForDeploymentPostprocessing = 0;
		};
		4C475C3D2AC3231600DDD6BF /* Resources */ = {
			isa = PBXResourcesBuildPhase;
			buildActionMask = 2147483647;
			files = (
				4C475C4F2AC3231800DDD6BF /* Preview Assets.xcassets in Resources */,
				4C475C4C2AC3231800DDD6BF /* Assets.xcassets in Resources */,
			);
			runOnlyForDeploymentPostprocessing = 0;
		};
		4C5B92602AB34FA7001F4307 /* Resources */ = {
			isa = PBXResourcesBuildPhase;
			buildActionMask = 2147483647;
			files = (
				4C5B926D2AB34FA9001F4307 /* Preview Assets.xcassets in Resources */,
				4C5B926A2AB34FA9001F4307 /* Assets.xcassets in Resources */,
			);
			runOnlyForDeploymentPostprocessing = 0;
		};
/* End PBXResourcesBuildPhase section */

/* Begin PBXSourcesBuildPhase section */
		4C1D7E982ABA057C00468793 /* Sources */ = {
			isa = PBXSourcesBuildPhase;
			buildActionMask = 2147483647;
			files = (
				4C1D7EA12ABA057C00468793 /* ContentView.swift in Sources */,
				4C1D7EAA2ABA05D400468793 /* SeniorContrastCheckerApp.swift in Sources */,
			);
			runOnlyForDeploymentPostprocessing = 0;
		};
		4C475C3B2AC3231600DDD6BF /* Sources */ = {
			isa = PBXSourcesBuildPhase;
			buildActionMask = 2147483647;
			files = (
				4C475C482AC3231600DDD6BF /* ContentView.swift in Sources */,
				4C475C462AC3231600DDD6BF /* VisionOSSeniorContrastCheckerApp.swift in Sources */,
				4C475C4A2AC3231700DDD6BF /* ImmersiveView.swift in Sources */,
			);
			runOnlyForDeploymentPostprocessing = 0;
		};
		4C5B925E2AB34FA7001F4307 /* Sources */ = {
			isa = PBXSourcesBuildPhase;
			buildActionMask = 2147483647;
			files = (
				4C5B92682AB34FA7001F4307 /* ContentView.swift in Sources */,
				4C5B92662AB34FA7001F4307 /* SeniorContrastCheckerApp.swift in Sources */,
			);
			runOnlyForDeploymentPostprocessing = 0;
		};
/* End PBXSourcesBuildPhase section */

/* Begin XCBuildConfiguration section */
		4C1D7EA72ABA057D00468793 /* Debug */ = {
			isa = XCBuildConfiguration;
			buildSettings = {
				ASSETCATALOG_COMPILER_APPICON_NAME = AppIcon;
				ASSETCATALOG_COMPILER_GLOBAL_ACCENT_COLOR_NAME = AccentColor;
				CODE_SIGN_STYLE = Automatic;
				CURRENT_PROJECT_VERSION = 1;
				DEVELOPMENT_ASSET_PATHS = "\"iOSSeniorContrastChecker/Preview Content\"";
				DEVELOPMENT_TEAM = 6TK86XM94A;
				ENABLE_PREVIEWS = YES;
				GENERATE_INFOPLIST_FILE = YES;
				INFOPLIST_KEY_CFBundleDisplayName = "Senior Contrast Checker";
				INFOPLIST_KEY_UIApplicationSceneManifest_Generation = YES;
				INFOPLIST_KEY_UIApplicationSupportsIndirectInputEvents = YES;
				INFOPLIST_KEY_UILaunchScreen_Generation = YES;
				INFOPLIST_KEY_UISupportedInterfaceOrientations_iPad = "UIInterfaceOrientationPortrait UIInterfaceOrientationPortraitUpsideDown UIInterfaceOrientationLandscapeLeft UIInterfaceOrientationLandscapeRight";
				INFOPLIST_KEY_UISupportedInterfaceOrientations_iPhone = "UIInterfaceOrientationPortrait UIInterfaceOrientationLandscapeLeft UIInterfaceOrientationLandscapeRight";
				IPHONEOS_DEPLOYMENT_TARGET = 14.0;
				LD_RUNPATH_SEARCH_PATHS = (
					"$(inherited)",
					"@executable_path/Frameworks",
				);
				MARKETING_VERSION = 1.0;
				PRODUCT_BUNDLE_IDENTIFIER = com.jdenkim.iOSSeniorContrastChecker;
				PRODUCT_NAME = "$(TARGET_NAME)";
				SDKROOT = iphoneos;
				SUPPORTED_PLATFORMS = "iphoneos iphonesimulator";
				SUPPORTS_MACCATALYST = NO;
				SUPPORTS_MAC_DESIGNED_FOR_IPHONE_IPAD = YES;
				SWIFT_EMIT_LOC_STRINGS = YES;
				SWIFT_VERSION = 5.0;
				TARGETED_DEVICE_FAMILY = 1;
			};
			name = Debug;
		};
		4C1D7EA82ABA057D00468793 /* Release */ = {
			isa = XCBuildConfiguration;
			buildSettings = {
				ASSETCATALOG_COMPILER_APPICON_NAME = AppIcon;
				ASSETCATALOG_COMPILER_GLOBAL_ACCENT_COLOR_NAME = AccentColor;
				CODE_SIGN_STYLE = Automatic;
				CURRENT_PROJECT_VERSION = 1;
				DEVELOPMENT_ASSET_PATHS = "\"iOSSeniorContrastChecker/Preview Content\"";
				DEVELOPMENT_TEAM = 6TK86XM94A;
				ENABLE_PREVIEWS = YES;
				GENERATE_INFOPLIST_FILE = YES;
				INFOPLIST_KEY_CFBundleDisplayName = "Senior Contrast Checker";
				INFOPLIST_KEY_UIApplicationSceneManifest_Generation = YES;
				INFOPLIST_KEY_UIApplicationSupportsIndirectInputEvents = YES;
				INFOPLIST_KEY_UILaunchScreen_Generation = YES;
				INFOPLIST_KEY_UISupportedInterfaceOrientations_iPad = "UIInterfaceOrientationPortrait UIInterfaceOrientationPortraitUpsideDown UIInterfaceOrientationLandscapeLeft UIInterfaceOrientationLandscapeRight";
				INFOPLIST_KEY_UISupportedInterfaceOrientations_iPhone = "UIInterfaceOrientationPortrait UIInterfaceOrientationLandscapeLeft UIInterfaceOrientationLandscapeRight";
				IPHONEOS_DEPLOYMENT_TARGET = 14.0;
				LD_RUNPATH_SEARCH_PATHS = (
					"$(inherited)",
					"@executable_path/Frameworks",
				);
				MARKETING_VERSION = 1.0;
				PRODUCT_BUNDLE_IDENTIFIER = com.jdenkim.iOSSeniorContrastChecker;
				PRODUCT_NAME = "$(TARGET_NAME)";
				SDKROOT = iphoneos;
				SUPPORTED_PLATFORMS = "iphoneos iphonesimulator";
				SUPPORTS_MACCATALYST = NO;
				SUPPORTS_MAC_DESIGNED_FOR_IPHONE_IPAD = YES;
				SWIFT_EMIT_LOC_STRINGS = YES;
				SWIFT_VERSION = 5.0;
				TARGETED_DEVICE_FAMILY = 1;
				VALIDATE_PRODUCT = YES;
			};
			name = Release;
		};
		4C475C512AC3231800DDD6BF /* Debug */ = {
			isa = XCBuildConfiguration;
			buildSettings = {
				ASSETCATALOG_COMPILER_APPICON_NAME = AppIcon;
				ASSETCATALOG_COMPILER_GENERATE_SWIFT_ASSET_SYMBOL_EXTENSIONS = YES;
				ASSETCATALOG_COMPILER_GLOBAL_ACCENT_COLOR_NAME = AccentColor;
				CODE_SIGN_STYLE = Automatic;
				CURRENT_PROJECT_VERSION = 1;
				DEVELOPMENT_ASSET_PATHS = "\"VisionOSSeniorContrastChecker/Preview Content\"";
				DEVELOPMENT_TEAM = 6TK86XM94A;
				ENABLE_PREVIEWS = YES;
				ENABLE_USER_SCRIPT_SANDBOXING = YES;
				GCC_C_LANGUAGE_STANDARD = gnu17;
				GENERATE_INFOPLIST_FILE = YES;
				INFOPLIST_FILE = "$(TARGET_NAME)/Info.plist";
				LD_RUNPATH_SEARCH_PATHS = (
					"$(inherited)",
					"@executable_path/Frameworks",
				);
				LOCALIZATION_PREFERS_STRING_CATALOGS = YES;
				MARKETING_VERSION = 1.0;
				PRODUCT_BUNDLE_IDENTIFIER = com.jdenkim.VisionOSSeniorContrastChecker;
				PRODUCT_NAME = "$(TARGET_NAME)";
				SDKROOT = xros;
				SUPPORTED_PLATFORMS = "xros xrsimulator";
				SWIFT_ACTIVE_COMPILATION_CONDITIONS = "DEBUG $(inherited)";
				SWIFT_EMIT_LOC_STRINGS = YES;
				SWIFT_VERSION = 5.0;
				TARGETED_DEVICE_FAMILY = "1,2,7";
				XROS_DEPLOYMENT_TARGET = 1.0;
			};
			name = Debug;
		};
		4C475C522AC3231800DDD6BF /* Release */ = {
			isa = XCBuildConfiguration;
			buildSettings = {
				ASSETCATALOG_COMPILER_APPICON_NAME = AppIcon;
				ASSETCATALOG_COMPILER_GENERATE_SWIFT_ASSET_SYMBOL_EXTENSIONS = YES;
				ASSETCATALOG_COMPILER_GLOBAL_ACCENT_COLOR_NAME = AccentColor;
				CODE_SIGN_STYLE = Automatic;
				CURRENT_PROJECT_VERSION = 1;
				DEVELOPMENT_ASSET_PATHS = "\"VisionOSSeniorContrastChecker/Preview Content\"";
				DEVELOPMENT_TEAM = 6TK86XM94A;
				ENABLE_PREVIEWS = YES;
				ENABLE_USER_SCRIPT_SANDBOXING = YES;
				GCC_C_LANGUAGE_STANDARD = gnu17;
				GENERATE_INFOPLIST_FILE = YES;
				INFOPLIST_FILE = "$(TARGET_NAME)/Info.plist";
				LD_RUNPATH_SEARCH_PATHS = (
					"$(inherited)",
					"@executable_path/Frameworks",
				);
				LOCALIZATION_PREFERS_STRING_CATALOGS = YES;
				MARKETING_VERSION = 1.0;
				PRODUCT_BUNDLE_IDENTIFIER = com.jdenkim.VisionOSSeniorContrastChecker;
				PRODUCT_NAME = "$(TARGET_NAME)";
				SDKROOT = xros;
				SUPPORTED_PLATFORMS = "xros xrsimulator";
				SWIFT_EMIT_LOC_STRINGS = YES;
				SWIFT_VERSION = 5.0;
				TARGETED_DEVICE_FAMILY = "1,2,7";
				VALIDATE_PRODUCT = YES;
				XROS_DEPLOYMENT_TARGET = 1.0;
			};
			name = Release;
		};
		4C5B926F2AB34FA9001F4307 /* Debug */ = {
			isa = XCBuildConfiguration;
			buildSettings = {
				ALWAYS_SEARCH_USER_PATHS = NO;
				CLANG_ANALYZER_NONNULL = YES;
				CLANG_ANALYZER_NUMBER_OBJECT_CONVERSION = YES_AGGRESSIVE;
				CLANG_CXX_LANGUAGE_STANDARD = "gnu++20";
				CLANG_ENABLE_MODULES = YES;
				CLANG_ENABLE_OBJC_ARC = YES;
				CLANG_ENABLE_OBJC_WEAK = YES;
				CLANG_WARN_BLOCK_CAPTURE_AUTORELEASING = YES;
				CLANG_WARN_BOOL_CONVERSION = YES;
				CLANG_WARN_COMMA = YES;
				CLANG_WARN_CONSTANT_CONVERSION = YES;
				CLANG_WARN_DEPRECATED_OBJC_IMPLEMENTATIONS = YES;
				CLANG_WARN_DIRECT_OBJC_ISA_USAGE = YES_ERROR;
				CLANG_WARN_DOCUMENTATION_COMMENTS = YES;
				CLANG_WARN_EMPTY_BODY = YES;
				CLANG_WARN_ENUM_CONVERSION = YES;
				CLANG_WARN_INFINITE_RECURSION = YES;
				CLANG_WARN_INT_CONVERSION = YES;
				CLANG_WARN_NON_LITERAL_NULL_CONVERSION = YES;
				CLANG_WARN_OBJC_IMPLICIT_RETAIN_SELF = YES;
				CLANG_WARN_OBJC_LITERAL_CONVERSION = YES;
				CLANG_WARN_OBJC_ROOT_CLASS = YES_ERROR;
				CLANG_WARN_QUOTED_INCLUDE_IN_FRAMEWORK_HEADER = YES;
				CLANG_WARN_RANGE_LOOP_ANALYSIS = YES;
				CLANG_WARN_STRICT_PROTOTYPES = YES;
				CLANG_WARN_SUSPICIOUS_MOVE = YES;
				CLANG_WARN_UNGUARDED_AVAILABILITY = YES_AGGRESSIVE;
				CLANG_WARN_UNREACHABLE_CODE = YES;
				CLANG_WARN__DUPLICATE_METHOD_MATCH = YES;
				COPY_PHASE_STRIP = NO;
				DEBUG_INFORMATION_FORMAT = dwarf;
				ENABLE_STRICT_OBJC_MSGSEND = YES;
				ENABLE_TESTABILITY = YES;
				GCC_C_LANGUAGE_STANDARD = gnu11;
				GCC_DYNAMIC_NO_PIC = NO;
				GCC_NO_COMMON_BLOCKS = YES;
				GCC_OPTIMIZATION_LEVEL = 0;
				GCC_PREPROCESSOR_DEFINITIONS = (
					"DEBUG=1",
					"$(inherited)",
				);
				GCC_WARN_64_TO_32_BIT_CONVERSION = YES;
				GCC_WARN_ABOUT_RETURN_TYPE = YES_ERROR;
				GCC_WARN_UNDECLARED_SELECTOR = YES;
				GCC_WARN_UNINITIALIZED_AUTOS = YES_AGGRESSIVE;
				GCC_WARN_UNUSED_FUNCTION = YES;
				GCC_WARN_UNUSED_VARIABLE = YES;
				IPHONEOS_DEPLOYMENT_TARGET = 14.0;
				MACOSX_DEPLOYMENT_TARGET = 12.0;
				MTL_ENABLE_DEBUG_INFO = INCLUDE_SOURCE;
				MTL_FAST_MATH = YES;
				ONLY_ACTIVE_ARCH = YES;
				SDKROOT = macosx;
				SWIFT_ACTIVE_COMPILATION_CONDITIONS = DEBUG;
				SWIFT_OPTIMIZATION_LEVEL = "-Onone";
			};
			name = Debug;
		};
		4C5B92702AB34FA9001F4307 /* Release */ = {
			isa = XCBuildConfiguration;
			buildSettings = {
				ALWAYS_SEARCH_USER_PATHS = NO;
				CLANG_ANALYZER_NONNULL = YES;
				CLANG_ANALYZER_NUMBER_OBJECT_CONVERSION = YES_AGGRESSIVE;
				CLANG_CXX_LANGUAGE_STANDARD = "gnu++20";
				CLANG_ENABLE_MODULES = YES;
				CLANG_ENABLE_OBJC_ARC = YES;
				CLANG_ENABLE_OBJC_WEAK = YES;
				CLANG_WARN_BLOCK_CAPTURE_AUTORELEASING = YES;
				CLANG_WARN_BOOL_CONVERSION = YES;
				CLANG_WARN_COMMA = YES;
				CLANG_WARN_CONSTANT_CONVERSION = YES;
				CLANG_WARN_DEPRECATED_OBJC_IMPLEMENTATIONS = YES;
				CLANG_WARN_DIRECT_OBJC_ISA_USAGE = YES_ERROR;
				CLANG_WARN_DOCUMENTATION_COMMENTS = YES;
				CLANG_WARN_EMPTY_BODY = YES;
				CLANG_WARN_ENUM_CONVERSION = YES;
				CLANG_WARN_INFINITE_RECURSION = YES;
				CLANG_WARN_INT_CONVERSION = YES;
				CLANG_WARN_NON_LITERAL_NULL_CONVERSION = YES;
				CLANG_WARN_OBJC_IMPLICIT_RETAIN_SELF = YES;
				CLANG_WARN_OBJC_LITERAL_CONVERSION = YES;
				CLANG_WARN_OBJC_ROOT_CLASS = YES_ERROR;
				CLANG_WARN_QUOTED_INCLUDE_IN_FRAMEWORK_HEADER = YES;
				CLANG_WARN_RANGE_LOOP_ANALYSIS = YES;
				CLANG_WARN_STRICT_PROTOTYPES = YES;
				CLANG_WARN_SUSPICIOUS_MOVE = YES;
				CLANG_WARN_UNGUARDED_AVAILABILITY = YES_AGGRESSIVE;
				CLANG_WARN_UNREACHABLE_CODE = YES;
				CLANG_WARN__DUPLICATE_METHOD_MATCH = YES;
				COPY_PHASE_STRIP = NO;
				DEBUG_INFORMATION_FORMAT = "dwarf-with-dsym";
				ENABLE_NS_ASSERTIONS = NO;
				ENABLE_STRICT_OBJC_MSGSEND = YES;
				GCC_C_LANGUAGE_STANDARD = gnu11;
				GCC_NO_COMMON_BLOCKS = YES;
				GCC_WARN_64_TO_32_BIT_CONVERSION = YES;
				GCC_WARN_ABOUT_RETURN_TYPE = YES_ERROR;
				GCC_WARN_UNDECLARED_SELECTOR = YES;
				GCC_WARN_UNINITIALIZED_AUTOS = YES_AGGRESSIVE;
				GCC_WARN_UNUSED_FUNCTION = YES;
				GCC_WARN_UNUSED_VARIABLE = YES;
				IPHONEOS_DEPLOYMENT_TARGET = 14.0;
				MACOSX_DEPLOYMENT_TARGET = 12.0;
				MTL_ENABLE_DEBUG_INFO = NO;
				MTL_FAST_MATH = YES;
				SDKROOT = macosx;
				SWIFT_COMPILATION_MODE = wholemodule;
				SWIFT_OPTIMIZATION_LEVEL = "-O";
			};
			name = Release;
		};
		4C5B92722AB34FA9001F4307 /* Debug */ = {
			isa = XCBuildConfiguration;
			buildSettings = {
				ASSETCATALOG_COMPILER_APPICON_NAME = "SeniorContrast Checker";
				"ASSETCATALOG_COMPILER_APPICON_NAME[sdk=macosx*]" = "SeniorContrast Checker";
				ASSETCATALOG_COMPILER_GLOBAL_ACCENT_COLOR_NAME = AccentColor;
				ASSETCATALOG_COMPILER_INCLUDE_ALL_APPICON_ASSETS = YES;
				CODE_SIGN_ENTITLEMENTS = SeniorContrastChecker/SeniorContrastChecker.entitlements;
				CODE_SIGN_STYLE = Automatic;
				COMBINE_HIDPI_IMAGES = YES;
				CURRENT_PROJECT_VERSION = 1;
				DEVELOPMENT_ASSET_PATHS = "\"SeniorContrastChecker/Preview Content\"";
				DEVELOPMENT_TEAM = 6TK86XM94A;
				ENABLE_HARDENED_RUNTIME = YES;
				ENABLE_PREVIEWS = YES;
				GENERATE_INFOPLIST_FILE = YES;
				INFOPLIST_FILE = SeniorContrastChecker/Info.plist;
				INFOPLIST_KEY_CFBundleDisplayName = "SeniorContrast Checker";
				INFOPLIST_KEY_LSApplicationCategoryType = "public.app-category.developer-tools";
				INFOPLIST_KEY_NSHumanReadableCopyright = "";
				LD_RUNPATH_SEARCH_PATHS = (
					"$(inherited)",
					"@executable_path/../Frameworks",
				);
				MARKETING_VERSION = 1.0;
				PRODUCT_BUNDLE_IDENTIFIER = com.jdenkim.SeniorContrastChecker;
				PRODUCT_NAME = "$(TARGET_NAME)";
				SDKROOT = macosx;
				SWIFT_EMIT_LOC_STRINGS = YES;
				SWIFT_VERSION = 5.0;
			};
			name = Debug;
		};
		4C5B92732AB34FA9001F4307 /* Release */ = {
			isa = XCBuildConfiguration;
			buildSettings = {
				ASSETCATALOG_COMPILER_APPICON_NAME = "SeniorContrast Checker";
				"ASSETCATALOG_COMPILER_APPICON_NAME[sdk=macosx*]" = "SeniorContrast Checker";
				ASSETCATALOG_COMPILER_GLOBAL_ACCENT_COLOR_NAME = AccentColor;
				ASSETCATALOG_COMPILER_INCLUDE_ALL_APPICON_ASSETS = YES;
				CODE_SIGN_ENTITLEMENTS = SeniorContrastChecker/SeniorContrastChecker.entitlements;
				CODE_SIGN_STYLE = Automatic;
				COMBINE_HIDPI_IMAGES = YES;
				CURRENT_PROJECT_VERSION = 1;
				DEVELOPMENT_ASSET_PATHS = "\"SeniorContrastChecker/Preview Content\"";
				DEVELOPMENT_TEAM = 6TK86XM94A;
				ENABLE_HARDENED_RUNTIME = YES;
				ENABLE_PREVIEWS = YES;
				GENERATE_INFOPLIST_FILE = YES;
				INFOPLIST_FILE = SeniorContrastChecker/Info.plist;
				INFOPLIST_KEY_CFBundleDisplayName = "SeniorContrast Checker";
				INFOPLIST_KEY_LSApplicationCategoryType = "public.app-category.developer-tools";
				INFOPLIST_KEY_NSHumanReadableCopyright = "";
				LD_RUNPATH_SEARCH_PATHS = (
					"$(inherited)",
					"@executable_path/../Frameworks",
				);
				MARKETING_VERSION = 1.0;
				PRODUCT_BUNDLE_IDENTIFIER = com.jdenkim.SeniorContrastChecker;
				PRODUCT_NAME = "$(TARGET_NAME)";
				SDKROOT = macosx;
				SWIFT_EMIT_LOC_STRINGS = YES;
				SWIFT_VERSION = 5.0;
			};
			name = Release;
		};
/* End XCBuildConfiguration section */

/* Begin XCConfigurationList section */
		4C1D7EA92ABA057D00468793 /* Build configuration list for PBXNativeTarget "iOSSeniorContrastChecker" */ = {
			isa = XCConfigurationList;
			buildConfigurations = (
				4C1D7EA72ABA057D00468793 /* Debug */,
				4C1D7EA82ABA057D00468793 /* Release */,
			);
			defaultConfigurationIsVisible = 0;
			defaultConfigurationName = Release;
		};
		4C475C532AC3231800DDD6BF /* Build configuration list for PBXNativeTarget "VisionOSSeniorContrastChecker" */ = {
			isa = XCConfigurationList;
			buildConfigurations = (
				4C475C512AC3231800DDD6BF /* Debug */,
				4C475C522AC3231800DDD6BF /* Release */,
			);
			defaultConfigurationIsVisible = 0;
			defaultConfigurationName = Release;
		};
		4C5B925D2AB34FA7001F4307 /* Build configuration list for PBXProject "SeniorContrastChecker" */ = {
			isa = XCConfigurationList;
			buildConfigurations = (
				4C5B926F2AB34FA9001F4307 /* Debug */,
				4C5B92702AB34FA9001F4307 /* Release */,
			);
			defaultConfigurationIsVisible = 0;
			defaultConfigurationName = Release;
		};
		4C5B92712AB34FA9001F4307 /* Build configuration list for PBXNativeTarget "SeniorContrastChecker" */ = {
			isa = XCConfigurationList;
			buildConfigurations = (
				4C5B92722AB34FA9001F4307 /* Debug */,
				4C5B92732AB34FA9001F4307 /* Release */,
			);
			defaultConfigurationIsVisible = 0;
			defaultConfigurationName = Release;
		};
/* End XCConfigurationList section */

/* Begin XCSwiftPackageProductDependency section */
		4C475C432AC3231600DDD6BF /* RealityKitContent */ = {
			isa = XCSwiftPackageProductDependency;
			productName = RealityKitContent;
		};
/* End XCSwiftPackageProductDependency section */
	};
	rootObject = 4C5B925A2AB34FA7001F4307 /* Project object */;
}
